
Microsoft Visual Studio Solution File, Format Version 12.00
# Visual Studio 15
VisualStudioVersion = 15.0.26730.12
MinimumVisualStudioVersion = 10.0.40219.1
Project("{9A19103F-16F7-4668-BE54-9A1E7A4F7556}") = "uh7a1", "uh7a1.csproj", "{5FEBC7BC-9DED-44B2-BCC1-501A0BF1850C}"
EndProject
Global
	GlobalSection(SolutionConfigurationPlatforms) = preSolution
		Debug|Any CPU = Debug|Any CPU
		Release|Any CPU = Release|Any CPU
	EndGlobalSection
	GlobalSection(ProjectConfigurationPlatforms) = postSolution
		{5FEBC7BC-9DED-44B2-BCC1-501A0BF1850C}.Debug|Any CPU.ActiveCfg = Debug|Any CPU
		{5FEBC7BC-9DED-44B2-BCC1-501A0BF1850C}.Release|Any CPU.ActiveCfg = Release|Any CPU
		{5FEBC7BC-9DED-44B2-BCC1-501A0BF1850C}.Release|Any CPU.Build.0 = Release|Any CPU
	EndGlobalSection
	GlobalSection(SolutionProperties) = preSolution
		HideSolutionNode = FALSE
	EndGlobalSection
	GlobalSection(ExtensibilityGlobals) = postSolution
		SolutionGuid = {65D6ED4E-2BB3-440C-84AB-C5B9AABCAC0F}
	EndGlobalSection
EndGlobal
